
Microsoft Visual Studio Solution File, Format Version 12.00
# Visual Studio Version 16
VisualStudioVersion = 16.0.31205.134
MinimumVisualStudioVersion = 10.0.40219.1
Project("{FAE04EC0-301F-11D3-BF4B-00C04F79EFBC}") = "HotelDreamLib", "HotelDreamLib\HotelDreamLib.csproj", "{C2D01DFE-7DCD-46E1-8BE0-7F99D8305FA6}"
EndProject
Project("{FAE04EC0-301F-11D3-BF4B-00C04F79EFBC}") = "HotelDreamDesktop", "HotelDreamDesktop\HotelDreamDesktop.csproj", "{5F6317C6-DF8F-4824-B0C5-A490176D6387}"
EndProject
Project("{FAE04EC0-301F-11D3-BF4B-00C04F79EFBC}") = "HotelDreamWeb", "HotelDreamWeb\HotelDreamWeb.csproj", "{FD8E998F-64C3-409A-9D43-8FA2B4DA8DD1}"
EndProject
Global
	GlobalSection(SolutionConfigurationPlatforms) = preSolution
		Debug|Any CPU = Debug|Any CPU
		Release|Any CPU = Release|Any CPU
	EndGlobalSection
	GlobalSection(ProjectConfigurationPlatforms) = postSolution
		{C2D01DFE-7DCD-46E1-8BE0-7F99D8305FA6}.Debug|Any CPU.ActiveCfg = Debug|Any CPU
		{C2D01DFE-7DCD-46E1-8BE0-7F99D8305FA6}.Debug|Any CPU.Build.0 = Debug|Any CPU
		{C2D01DFE-7DCD-46E1-8BE0-7F99D8305FA6}.Release|Any CPU.ActiveCfg = Release|Any CPU
		{C2D01DFE-7DCD-46E1-8BE0-7F99D8305FA6}.Release|Any CPU.Build.0 = Release|Any CPU
		{5F6317C6-DF8F-4824-B0C5-A490176D6387}.Debug|Any CPU.ActiveCfg = Debug|Any CPU
		{5F6317C6-DF8F-4824-B0C5-A490176D6387}.Debug|Any CPU.Build.0 = Debug|Any CPU
		{5F6317C6-DF8F-4824-B0C5-A490176D6387}.Release|Any CPU.ActiveCfg = Release|Any CPU
		{5F6317C6-DF8F-4824-B0C5-A490176D6387}.Release|Any CPU.Build.0 = Release|Any CPU
		{FD8E998F-64C3-409A-9D43-8FA2B4DA8DD1}.Debug|Any CPU.ActiveCfg = Debug|Any CPU
		{FD8E998F-64C3-409A-9D43-8FA2B4DA8DD1}.Debug|Any CPU.Build.0 = Debug|Any CPU
		{FD8E998F-64C3-409A-9D43-8FA2B4DA8DD1}.Release|Any CPU.ActiveCfg = Release|Any CPU
		{FD8E998F-64C3-409A-9D43-8FA2B4DA8DD1}.Release|Any CPU.Build.0 = Release|Any CPU
	EndGlobalSection
	GlobalSection(SolutionProperties) = preSolution
		HideSolutionNode = FALSE
	EndGlobalSection
	GlobalSection(ExtensibilityGlobals) = postSolution
		SolutionGuid = {5E22848D-8A86-4B5C-9D6A-326BEF060598}
	EndGlobalSection
EndGlobal
